
Microsoft Visual Studio Solution File, Format Version 12.00
# Visual Studio Version 17
VisualStudioVersion = 17.0.31919.166
MinimumVisualStudioVersion = 10.0.40219.1
Project("{9A19103F-16F7-4668-BE54-9A1E7A4F7556}") = "InventoryManagement.WebApp", "InventoryManagement.WebApp.csproj", "{3B2CD45B-04BC-4F56-B864-A4703D8E3E3A}"
EndProject
Global
	GlobalSection(SolutionConfigurationPlatforms) = preSolution
		Debug|Any CPU = Debug|Any CPU
		Release|Any CPU = Release|Any CPU
	EndGlobalSection
	GlobalSection(ProjectConfigurationPlatforms) = postSolution
		{3B2CD45B-04BC-4F56-B864-A4703D8E3E3A}.Debug|Any CPU.ActiveCfg = Debug|Any CPU
		{3B2CD45B-04BC-4F56-B864-A4703D8E3E3A}.Debug|Any CPU.Build.0 = Debug|Any CPU
		{3B2CD45B-04BC-4F56-B864-A4703D8E3E3A}.Release|Any CPU.ActiveCfg = Release|Any CPU
		{3B2CD45B-04BC-4F56-B864-A4703D8E3E3A}.Release|Any CPU.Build.0 = Release|Any CPU
	EndGlobalSection
	GlobalSection(SolutionProperties) = preSolution
		HideSolutionNode = FALSE
	EndGlobalSection
	GlobalSection(ExtensibilityGlobals) = postSolution
		SolutionGuid = {911E1FF1-2EFC-412A-923E-FCAF7FDF4B09}
	EndGlobalSection
EndGlobal
